
Microsoft Visual Studio Solution File, Format Version 12.00
# Visual Studio Version 17
VisualStudioVersion = 17.10.35122.118
MinimumVisualStudioVersion = 10.0.40219.1
Project("{FAE04EC0-301F-11D3-BF4B-00C04F79EFBC}") = "ApiGateway", "ApiGateway.csproj", "{45048602-5AD5-4910-9562-F09B24AB16D3}"
EndProject
Global
	GlobalSection(SolutionConfigurationPlatforms) = preSolution
		Debug|Any CPU = Debug|Any CPU
		Release|Any CPU = Release|Any CPU
	EndGlobalSection
	GlobalSection(ProjectConfigurationPlatforms) = postSolution
		{45048602-5AD5-4910-9562-F09B24AB16D3}.Debug|Any CPU.ActiveCfg = Debug|Any CPU
		{45048602-5AD5-4910-9562-F09B24AB16D3}.Debug|Any CPU.Build.0 = Debug|Any CPU
		{45048602-5AD5-4910-9562-F09B24AB16D3}.Release|Any CPU.ActiveCfg = Release|Any CPU
		{45048602-5AD5-4910-9562-F09B24AB16D3}.Release|Any CPU.Build.0 = Release|Any CPU
	EndGlobalSection
	GlobalSection(SolutionProperties) = preSolution
		HideSolutionNode = FALSE
	EndGlobalSection
	GlobalSection(ExtensibilityGlobals) = postSolution
		SolutionGuid = {180BFF77-5B23-472C-964F-4ACECA423E0E}
	EndGlobalSection
EndGlobal
